
Microsoft Visual Studio Solution File, Format Version 12.00
# Visual Studio 15
VisualStudioVersion = 15.0.27703.2042
MinimumVisualStudioVersion = 10.0.40219.1
Project("{FAE04EC0-301F-11D3-BF4B-00C04F79EFBC}") = "EntityFrameworkProj", "EntityFrameworkProj\EntityFrameworkProj.csproj", "{92A73395-A2E7-42AD-91AB-F966C25CAA09}"
EndProject
Project("{FAE04EC0-301F-11D3-BF4B-00C04F79EFBC}") = "AccountManager", "AccountManager\AccountManager.csproj", "{B2DEDE89-8A30-44F6-8F62-8755B29A67FB}"
EndProject
Global
	GlobalSection(SolutionConfigurationPlatforms) = preSolution
		Debug|Any CPU = Debug|Any CPU
		Release|Any CPU = Release|Any CPU
	EndGlobalSection
	GlobalSection(ProjectConfigurationPlatforms) = postSolution
		{92A73395-A2E7-42AD-91AB-F966C25CAA09}.Debug|Any CPU.ActiveCfg = Debug|Any CPU
		{92A73395-A2E7-42AD-91AB-F966C25CAA09}.Debug|Any CPU.Build.0 = Debug|Any CPU
		{92A73395-A2E7-42AD-91AB-F966C25CAA09}.Release|Any CPU.ActiveCfg = Release|Any CPU
		{92A73395-A2E7-42AD-91AB-F966C25CAA09}.Release|Any CPU.Build.0 = Release|Any CPU
		{B2DEDE89-8A30-44F6-8F62-8755B29A67FB}.Debug|Any CPU.ActiveCfg = Debug|Any CPU
		{B2DEDE89-8A30-44F6-8F62-8755B29A67FB}.Debug|Any CPU.Build.0 = Debug|Any CPU
		{B2DEDE89-8A30-44F6-8F62-8755B29A67FB}.Release|Any CPU.ActiveCfg = Release|Any CPU
		{B2DEDE89-8A30-44F6-8F62-8755B29A67FB}.Release|Any CPU.Build.0 = Release|Any CPU
	EndGlobalSection
	GlobalSection(SolutionProperties) = preSolution
		HideSolutionNode = FALSE
	EndGlobalSection
	GlobalSection(ExtensibilityGlobals) = postSolution
		SolutionGuid = {0B6D4B28-7973-49BF-BD32-5B330C7D1496}
	EndGlobalSection
EndGlobal
